
Microsoft Visual Studio Solution File, Format Version 12.00
# Visual Studio 15
VisualStudioVersion = 15.0.27130.2036
MinimumVisualStudioVersion = 10.0.40219.1
Project("{9A19103F-16F7-4668-BE54-9A1E7A4F7556}") = "Model", "Model\Model.csproj", "{5B8D2A6B-B3B6-4204-ABAB-8D47E8EEC935}"
EndProject
Project("{9A19103F-16F7-4668-BE54-9A1E7A4F7556}") = "Database", "Database\Database.csproj", "{0CED6511-169F-4203-A8CE-25B41B51DBE7}"
EndProject
Project("{FAE04EC0-301F-11D3-BF4B-00C04F79EFBC}") = "Test", "Test\Test.csproj", "{6C1777F6-FCCF-403C-89FA-504C9FAE771E}"
EndProject
Project("{FAE04EC0-301F-11D3-BF4B-00C04F79EFBC}") = "WebService", "WebService\WebService.csproj", "{FBF0BF67-947E-4846-8C7D-BF3A378C8DCF}"
EndProject
Project("{FAE04EC0-301F-11D3-BF4B-00C04F79EFBC}") = "ChatClient", "ChatClient\ChatClient.csproj", "{7A29E0CC-D399-4852-8A3F-4B99977723A3}"
	ProjectSection(ProjectDependencies) = postProject
		{0CED6511-169F-4203-A8CE-25B41B51DBE7} = {0CED6511-169F-4203-A8CE-25B41B51DBE7}
		{FBF0BF67-947E-4846-8C7D-BF3A378C8DCF} = {FBF0BF67-947E-4846-8C7D-BF3A378C8DCF}
		{5B8D2A6B-B3B6-4204-ABAB-8D47E8EEC935} = {5B8D2A6B-B3B6-4204-ABAB-8D47E8EEC935}
	EndProjectSection
EndProject
Global
	GlobalSection(SolutionConfigurationPlatforms) = preSolution
		Debug|Any CPU = Debug|Any CPU
		Release|Any CPU = Release|Any CPU
	EndGlobalSection
	GlobalSection(ProjectConfigurationPlatforms) = postSolution
		{5B8D2A6B-B3B6-4204-ABAB-8D47E8EEC935}.Debug|Any CPU.ActiveCfg = Debug|Any CPU
		{5B8D2A6B-B3B6-4204-ABAB-8D47E8EEC935}.Debug|Any CPU.Build.0 = Debug|Any CPU
		{5B8D2A6B-B3B6-4204-ABAB-8D47E8EEC935}.Release|Any CPU.ActiveCfg = Release|Any CPU
		{5B8D2A6B-B3B6-4204-ABAB-8D47E8EEC935}.Release|Any CPU.Build.0 = Release|Any CPU
		{0CED6511-169F-4203-A8CE-25B41B51DBE7}.Debug|Any CPU.ActiveCfg = Debug|Any CPU
		{0CED6511-169F-4203-A8CE-25B41B51DBE7}.Debug|Any CPU.Build.0 = Debug|Any CPU
		{0CED6511-169F-4203-A8CE-25B41B51DBE7}.Release|Any CPU.ActiveCfg = Release|Any CPU
		{0CED6511-169F-4203-A8CE-25B41B51DBE7}.Release|Any CPU.Build.0 = Release|Any CPU
		{6C1777F6-FCCF-403C-89FA-504C9FAE771E}.Debug|Any CPU.ActiveCfg = Debug|Any CPU
		{6C1777F6-FCCF-403C-89FA-504C9FAE771E}.Debug|Any CPU.Build.0 = Debug|Any CPU
		{6C1777F6-FCCF-403C-89FA-504C9FAE771E}.Release|Any CPU.ActiveCfg = Release|Any CPU
		{6C1777F6-FCCF-403C-89FA-504C9FAE771E}.Release|Any CPU.Build.0 = Release|Any CPU
		{FBF0BF67-947E-4846-8C7D-BF3A378C8DCF}.Debug|Any CPU.ActiveCfg = Debug|Any CPU
		{FBF0BF67-947E-4846-8C7D-BF3A378C8DCF}.Debug|Any CPU.Build.0 = Debug|Any CPU
		{FBF0BF67-947E-4846-8C7D-BF3A378C8DCF}.Release|Any CPU.ActiveCfg = Release|Any CPU
		{FBF0BF67-947E-4846-8C7D-BF3A378C8DCF}.Release|Any CPU.Build.0 = Release|Any CPU
		{7A29E0CC-D399-4852-8A3F-4B99977723A3}.Debug|Any CPU.ActiveCfg = Debug|Any CPU
		{7A29E0CC-D399-4852-8A3F-4B99977723A3}.Debug|Any CPU.Build.0 = Debug|Any CPU
		{7A29E0CC-D399-4852-8A3F-4B99977723A3}.Release|Any CPU.ActiveCfg = Release|Any CPU
		{7A29E0CC-D399-4852-8A3F-4B99977723A3}.Release|Any CPU.Build.0 = Release|Any CPU
	EndGlobalSection
	GlobalSection(SolutionProperties) = preSolution
		HideSolutionNode = FALSE
	EndGlobalSection
	GlobalSection(ExtensibilityGlobals) = postSolution
		SolutionGuid = {168C2082-F4B3-458B-A8F3-4246879F0711}
	EndGlobalSection
EndGlobal
